
Microsoft Visual Studio Solution File, Format Version 12.00
# Visual Studio Version 16
VisualStudioVersion = 16.0.29613.14
MinimumVisualStudioVersion = 10.0.40219.1
Project("{9A19103F-16F7-4668-BE54-9A1E7A4F7556}") = "BrandHome", "BrandHome.csproj", "{19CA5F31-C51D-47DA-9A95-81703D01E446}"
EndProject
Global
	GlobalSection(SolutionConfigurationPlatforms) = preSolution
		Debug|Any CPU = Debug|Any CPU
		Release|Any CPU = Release|Any CPU
	EndGlobalSection
	GlobalSection(ProjectConfigurationPlatforms) = postSolution
		{19CA5F31-C51D-47DA-9A95-81703D01E446}.Debug|Any CPU.ActiveCfg = Debug|Any CPU
		{19CA5F31-C51D-47DA-9A95-81703D01E446}.Debug|Any CPU.Build.0 = Debug|Any CPU
		{19CA5F31-C51D-47DA-9A95-81703D01E446}.Release|Any CPU.ActiveCfg = Release|Any CPU
		{19CA5F31-C51D-47DA-9A95-81703D01E446}.Release|Any CPU.Build.0 = Release|Any CPU
	EndGlobalSection
	GlobalSection(SolutionProperties) = preSolution
		HideSolutionNode = FALSE
	EndGlobalSection
	GlobalSection(ExtensibilityGlobals) = postSolution
		SolutionGuid = {C30FBF0B-794A-4C8C-B13D-59BC16283287}
	EndGlobalSection
EndGlobal
