
Microsoft Visual Studio Solution File, Format Version 12.00
# Visual Studio Version 16
VisualStudioVersion = 16.0.29613.14
MinimumVisualStudioVersion = 10.0.40219.1
Project("{9A19103F-16F7-4668-BE54-9A1E7A4F7556}") = "SampleHubApi", "SampleHubApi.csproj", "{3B5FA7D9-FA22-48CC-8011-2018A01EC055}"
EndProject
Global
	GlobalSection(SolutionConfigurationPlatforms) = preSolution
		Debug|Any CPU = Debug|Any CPU
		Release|Any CPU = Release|Any CPU
	EndGlobalSection
	GlobalSection(ProjectConfigurationPlatforms) = postSolution
		{3B5FA7D9-FA22-48CC-8011-2018A01EC055}.Debug|Any CPU.ActiveCfg = Debug|Any CPU
		{3B5FA7D9-FA22-48CC-8011-2018A01EC055}.Debug|Any CPU.Build.0 = Debug|Any CPU
		{3B5FA7D9-FA22-48CC-8011-2018A01EC055}.Release|Any CPU.ActiveCfg = Release|Any CPU
		{3B5FA7D9-FA22-48CC-8011-2018A01EC055}.Release|Any CPU.Build.0 = Release|Any CPU
	EndGlobalSection
	GlobalSection(SolutionProperties) = preSolution
		HideSolutionNode = FALSE
	EndGlobalSection
	GlobalSection(ExtensibilityGlobals) = postSolution
		SolutionGuid = {C30FBF0B-794A-4C8C-B13D-59BC16283287}
	EndGlobalSection
EndGlobal
